Microsoft Visual Studio Solution File, Format Version 12.00
# Visual Studio 15
VisualStudioVersion = 15.0.26228.12
MinimumVisualStudioVersion = 15.0.26124.0
Project("{2150E333-8FDC-42A3-9474-1A3956D46DE8}") = "test", "test", "{9BB06D99-9066-4684-A576-4EB405BA033C}"
EndProject
Project("{9A19103F-16F7-4668-BE54-9A1E7A4F7556}") = "ChartJs.Tests", "test\ChartJs.Tests\ChartJs.Tests.csproj", "{D29A280F-675F-4177-A484-6CA2CD2FADCD}"
EndProject
Project("{2150E333-8FDC-42A3-9474-1A3956D46DE8}") = "src", "src", "{269CD27C-D43F-4243-BD8C-E12AB9B1EA32}"
EndProject
Project("{9A19103F-16F7-4668-BE54-9A1E7A4F7556}") = "ChartJs.Mvc", "src\ChartJs.Mvc\ChartJs.Mvc.csproj", "{AD1C5FA4-74D0-4946-AC65-5397EBA02708}"
EndProject
Project("{2150E333-8FDC-42A3-9474-1A3956D46DE8}") = "samples", "samples", "{3A13AE5B-E5C6-439B-9107-BE7F2359AAF5}"
EndProject
Project("{9A19103F-16F7-4668-BE54-9A1E7A4F7556}") = "ChartJs.Mvc.Samples", "samples\ChartJs.Mvc.Samples\ChartJs.Mvc.Samples.csproj", "{DD77EB32-3B3A-4143-84BE-BE02EFE44273}"
EndProject
Project("{FAE04EC0-301F-11D3-BF4B-00C04F79EFBC}") = "ChartJs", "src\ChartJs\ChartJs.csproj", "{20379B53-06D9-4F26-94AC-2C9D189B0BA6}"
EndProject
Project("{FAE04EC0-301F-11D3-BF4B-00C04F79EFBC}") = "ChartJs.ConsoleApp", "samples\ChartJs.ConsoleApp\ChartJs.ConsoleApp.csproj", "{50EF712C-F008-4856-94A6-630E7A609A62}"
EndProject
Global
	GlobalSection(SolutionConfigurationPlatforms) = preSolution
		Debug|Any CPU = Debug|Any CPU
		Debug|x64 = Debug|x64
		Debug|x86 = Debug|x86
		Release|Any CPU = Release|Any CPU
		Release|x64 = Release|x64
		Release|x86 = Release|x86
	EndGlobalSection
	GlobalSection(ProjectConfigurationPlatforms) = postSolution
		{D29A280F-675F-4177-A484-6CA2CD2FADCD}.Debug|Any CPU.ActiveCfg = Debug|Any CPU
		{D29A280F-675F-4177-A484-6CA2CD2FADCD}.Debug|Any CPU.Build.0 = Debug|Any CPU
		{D29A280F-675F-4177-A484-6CA2CD2FADCD}.Debug|x64.ActiveCfg = Debug|Any CPU
		{D29A280F-675F-4177-A484-6CA2CD2FADCD}.Debug|x64.Build.0 = Debug|Any CPU
		{D29A280F-675F-4177-A484-6CA2CD2FADCD}.Debug|x86.ActiveCfg = Debug|Any CPU
		{D29A280F-675F-4177-A484-6CA2CD2FADCD}.Debug|x86.Build.0 = Debug|Any CPU
		{D29A280F-675F-4177-A484-6CA2CD2FADCD}.Release|Any CPU.ActiveCfg = Release|Any CPU
		{D29A280F-675F-4177-A484-6CA2CD2FADCD}.Release|Any CPU.Build.0 = Release|Any CPU
		{D29A280F-675F-4177-A484-6CA2CD2FADCD}.Release|x64.ActiveCfg = Release|Any CPU
		{D29A280F-675F-4177-A484-6CA2CD2FADCD}.Release|x64.Build.0 = Release|Any CPU
		{D29A280F-675F-4177-A484-6CA2CD2FADCD}.Release|x86.ActiveCfg = Release|Any CPU
		{D29A280F-675F-4177-A484-6CA2CD2FADCD}.Release|x86.Build.0 = Release|Any CPU
		{AD1C5FA4-74D0-4946-AC65-5397EBA02708}.Debug|Any CPU.ActiveCfg = Debug|Any CPU
		{AD1C5FA4-74D0-4946-AC65-5397EBA02708}.Debug|Any CPU.Build.0 = Debug|Any CPU
		{AD1C5FA4-74D0-4946-AC65-5397EBA02708}.Debug|x64.ActiveCfg = Debug|Any CPU
		{AD1C5FA4-74D0-4946-AC65-5397EBA02708}.Debug|x64.Build.0 = Debug|Any CPU
		{AD1C5FA4-74D0-4946-AC65-5397EBA02708}.Debug|x86.ActiveCfg = Debug|Any CPU
		{AD1C5FA4-74D0-4946-AC65-5397EBA02708}.Debug|x86.Build.0 = Debug|Any CPU
		{AD1C5FA4-74D0-4946-AC65-5397EBA02708}.Release|Any CPU.ActiveCfg = Release|Any CPU
		{AD1C5FA4-74D0-4946-AC65-5397EBA02708}.Release|Any CPU.Build.0 = Release|Any CPU
		{AD1C5FA4-74D0-4946-AC65-5397EBA02708}.Release|x64.ActiveCfg = Release|Any CPU
		{AD1C5FA4-74D0-4946-AC65-5397EBA02708}.Release|x64.Build.0 = Release|Any CPU
		{AD1C5FA4-74D0-4946-AC65-5397EBA02708}.Release|x86.ActiveCfg = Release|Any CPU
		{AD1C5FA4-74D0-4946-AC65-5397EBA02708}.Release|x86.Build.0 = Release|Any CPU
		{DD77EB32-3B3A-4143-84BE-BE02EFE44273}.Debug|Any CPU.ActiveCfg = Debug|Any CPU
		{DD77EB32-3B3A-4143-84BE-BE02EFE44273}.Debug|Any CPU.Build.0 = Debug|Any CPU
		{DD77EB32-3B3A-4143-84BE-BE02EFE44273}.Debug|x64.ActiveCfg = Debug|Any CPU
		{DD77EB32-3B3A-4143-84BE-BE02EFE44273}.Debug|x64.Build.0 = Debug|Any CPU
		{DD77EB32-3B3A-4143-84BE-BE02EFE44273}.Debug|x86.ActiveCfg = Debug|Any CPU
		{DD77EB32-3B3A-4143-84BE-BE02EFE44273}.Debug|x86.Build.0 = Debug|Any CPU
		{DD77EB32-3B3A-4143-84BE-BE02EFE44273}.Release|Any CPU.ActiveCfg = Release|Any CPU
		{DD77EB32-3B3A-4143-84BE-BE02EFE44273}.Release|Any CPU.Build.0 = Release|Any CPU
		{DD77EB32-3B3A-4143-84BE-BE02EFE44273}.Release|x64.ActiveCfg = Release|Any CPU
		{DD77EB32-3B3A-4143-84BE-BE02EFE44273}.Release|x64.Build.0 = Release|Any CPU
		{DD77EB32-3B3A-4143-84BE-BE02EFE44273}.Release|x86.ActiveCfg = Release|Any CPU
		{DD77EB32-3B3A-4143-84BE-BE02EFE44273}.Release|x86.Build.0 = Release|Any CPU
		{20379B53-06D9-4F26-94AC-2C9D189B0BA6}.Debug|Any CPU.ActiveCfg = Debug|Any CPU
		{20379B53-06D9-4F26-94AC-2C9D189B0BA6}.Debug|Any CPU.Build.0 = Debug|Any CPU
		{20379B53-06D9-4F26-94AC-2C9D189B0BA6}.Debug|x64.ActiveCfg = Debug|Any CPU
		{20379B53-06D9-4F26-94AC-2C9D189B0BA6}.Debug|x64.Build.0 = Debug|Any CPU
		{20379B53-06D9-4F26-94AC-2C9D189B0BA6}.Debug|x86.ActiveCfg = Debug|Any CPU
		{20379B53-06D9-4F26-94AC-2C9D189B0BA6}.Debug|x86.Build.0 = Debug|Any CPU
		{20379B53-06D9-4F26-94AC-2C9D189B0BA6}.Release|Any CPU.ActiveCfg = Release|Any CPU
		{20379B53-06D9-4F26-94AC-2C9D189B0BA6}.Release|Any CPU.Build.0 = Release|Any CPU
		{20379B53-06D9-4F26-94AC-2C9D189B0BA6}.Release|x64.ActiveCfg = Release|Any CPU
		{20379B53-06D9-4F26-94AC-2C9D189B0BA6}.Release|x64.Build.0 = Release|Any CPU
		{20379B53-06D9-4F26-94AC-2C9D189B0BA6}.Release|x86.ActiveCfg = Release|Any CPU
		{20379B53-06D9-4F26-94AC-2C9D189B0BA6}.Release|x86.Build.0 = Release|Any CPU
		{50EF712C-F008-4856-94A6-630E7A609A62}.Debug|Any CPU.ActiveCfg = Debug|Any CPU
		{50EF712C-F008-4856-94A6-630E7A609A62}.Debug|Any CPU.Build.0 = Debug|Any CPU
		{50EF712C-F008-4856-94A6-630E7A609A62}.Debug|x64.ActiveCfg = Debug|x64
		{50EF712C-F008-4856-94A6-630E7A609A62}.Debug|x64.Build.0 = Debug|x64
		{50EF712C-F008-4856-94A6-630E7A609A62}.Debug|x86.ActiveCfg = Debug|x86
		{50EF712C-F008-4856-94A6-630E7A609A62}.Debug|x86.Build.0 = Debug|x86
		{50EF712C-F008-4856-94A6-630E7A609A62}.Release|Any CPU.ActiveCfg = Release|Any CPU
		{50EF712C-F008-4856-94A6-630E7A609A62}.Release|Any CPU.Build.0 = Release|Any CPU
		{50EF712C-F008-4856-94A6-630E7A609A62}.Release|x64.ActiveCfg = Release|x64
		{50EF712C-F008-4856-94A6-630E7A609A62}.Release|x64.Build.0 = Release|x64
		{50EF712C-F008-4856-94A6-630E7A609A62}.Release|x86.ActiveCfg = Release|x86
		{50EF712C-F008-4856-94A6-630E7A609A62}.Release|x86.Build.0 = Release|x86
	EndGlobalSection
	GlobalSection(SolutionProperties) = preSolution
		HideSolutionNode = FALSE
	EndGlobalSection
	GlobalSection(NestedProjects) = preSolution
		{D29A280F-675F-4177-A484-6CA2CD2FADCD} = {9BB06D99-9066-4684-A576-4EB405BA033C}
		{AD1C5FA4-74D0-4946-AC65-5397EBA02708} = {269CD27C-D43F-4243-BD8C-E12AB9B1EA32}
		{DD77EB32-3B3A-4143-84BE-BE02EFE44273} = {3A13AE5B-E5C6-439B-9107-BE7F2359AAF5}
		{20379B53-06D9-4F26-94AC-2C9D189B0BA6} = {269CD27C-D43F-4243-BD8C-E12AB9B1EA32}
		{50EF712C-F008-4856-94A6-630E7A609A62} = {3A13AE5B-E5C6-439B-9107-BE7F2359AAF5}
	EndGlobalSection
EndGlobal
